
Microsoft Visual Studio Solution File, Format Version 12.00
# Visual Studio Version 16
VisualStudioVersion = 16.0.28803.202
MinimumVisualStudioVersion = 10.0.40219.1
Project("{FAE04EC0-301F-11D3-BF4B-00C04F79EFBC}") = "FileIOPractice", "FileIOPractice\FileIOPractice.csproj", "{78E2CE93-2F3B-4055-B886-C9B035E47EDE}"
EndProject
Global
	GlobalSection(SolutionConfigurationPlatforms) = preSolution
		Debug|Any CPU = Debug|Any CPU
		Release|Any CPU = Release|Any CPU
	EndGlobalSection
	GlobalSection(ProjectConfigurationPlatforms) = postSolution
		{78E2CE93-2F3B-4055-B886-C9B035E47EDE}.Debug|Any CPU.ActiveCfg = Debug|Any CPU
		{78E2CE93-2F3B-4055-B886-C9B035E47EDE}.Debug|Any CPU.Build.0 = Debug|Any CPU
		{78E2CE93-2F3B-4055-B886-C9B035E47EDE}.Release|Any CPU.ActiveCfg = Release|Any CPU
		{78E2CE93-2F3B-4055-B886-C9B035E47EDE}.Release|Any CPU.Build.0 = Release|Any CPU
	EndGlobalSection
	GlobalSection(SolutionProperties) = preSolution
		HideSolutionNode = FALSE
	EndGlobalSection
	GlobalSection(ExtensibilityGlobals) = postSolution
		SolutionGuid = {293C1199-CBAD-4EDE-89B5-4F99EDDDF183}
	EndGlobalSection
EndGlobal
